
Microsoft Visual Studio Solution File, Format Version 12.00
# Visual Studio 2013
VisualStudioVersion = 12.0.30110.0
MinimumVisualStudioVersion = 10.0.40219.1
Project("{FAE04EC0-301F-11D3-BF4B-00C04F79EFBC}") = "STIM.MySqlDAL", "STIM.MySqlDAL.csproj", "{1CA01F57-CE52-49E2-918C-EC5FCFEBFB3B}"
EndProject
Project("{FAE04EC0-301F-11D3-BF4B-00C04F79EFBC}") = "STIM.BLL", "..\STIM.BLL\STIM.BLL.csproj", "{201FC394-7F60-462C-BA1D-94616BA7B87F}"
EndProject
Project("{FAE04EC0-301F-11D3-BF4B-00C04F79EFBC}") = "STIM.DALFactory", "..\STIM.DALFactory\STIM.DALFactory.csproj", "{15D0A633-445E-4849-9E99-5730AA1E0249}"
EndProject
Project("{FAE04EC0-301F-11D3-BF4B-00C04F79EFBC}") = "STIM.IDAL", "..\STIM.IDAL\STIM.IDAL.csproj", "{A1CF49F2-0C9A-403D-AB54-1681BD5B5EC7}"
EndProject
Project("{FAE04EC0-301F-11D3-BF4B-00C04F79EFBC}") = "STIM.Model", "..\STIM.Model\STIM.Model.csproj", "{EA875293-54A1-420B-A006-FED71E2AC234}"
EndProject
Project("{FAE04EC0-301F-11D3-BF4B-00C04F79EFBC}") = "STIM.OracleDAL", "..\STIM.OracleDAL\STIM.OracleDAL.csproj", "{D5843C3C-B0FA-4C0E-8F63-D070D75BFC68}"
EndProject
Project("{FAE04EC0-301F-11D3-BF4B-00C04F79EFBC}") = "STIM.SqlServerDAL", "..\STIM.SqlServerDAL\STIM.SqlServerDAL.csproj", "{FD436DCB-B31E-4A18-B071-09F740B82654}"
EndProject
Project("{FAE04EC0-301F-11D3-BF4B-00C04F79EFBC}") = "STIM.Utilities", "..\STIM.Utilities\STIM.Utilities.csproj", "{A5D2E172-9ADA-4C0B-98D4-0C9E2AF7154D}"
EndProject
Project("{FAE04EC0-301F-11D3-BF4B-00C04F79EFBC}") = "STIM.WinFormUI", "..\STIM.WinFormUI\STIM.WinFormUI.csproj", "{691EB5F7-29C0-4BCA-8846-D585B81BF409}"
EndProject
Project("{FAE04EC0-301F-11D3-BF4B-00C04F79EFBC}") = "STIM.WpfUI", "..\STIM.WpfUI\STIM.WpfUI.csproj", "{FA7EDF4A-6823-43F4-BE13-79477D429616}"
EndProject
Global
	GlobalSection(SolutionConfigurationPlatforms) = preSolution
		Debug|Any CPU = Debug|Any CPU
		Release|Any CPU = Release|Any CPU
	EndGlobalSection
	GlobalSection(ProjectConfigurationPlatforms) = postSolution
		{1CA01F57-CE52-49E2-918C-EC5FCFEBFB3B}.Debug|Any CPU.ActiveCfg = Debug|Any CPU
		{1CA01F57-CE52-49E2-918C-EC5FCFEBFB3B}.Debug|Any CPU.Build.0 = Debug|Any CPU
		{1CA01F57-CE52-49E2-918C-EC5FCFEBFB3B}.Release|Any CPU.ActiveCfg = Release|Any CPU
		{1CA01F57-CE52-49E2-918C-EC5FCFEBFB3B}.Release|Any CPU.Build.0 = Release|Any CPU
		{201FC394-7F60-462C-BA1D-94616BA7B87F}.Debug|Any CPU.ActiveCfg = Debug|Any CPU
		{201FC394-7F60-462C-BA1D-94616BA7B87F}.Debug|Any CPU.Build.0 = Debug|Any CPU
		{201FC394-7F60-462C-BA1D-94616BA7B87F}.Release|Any CPU.ActiveCfg = Release|Any CPU
		{201FC394-7F60-462C-BA1D-94616BA7B87F}.Release|Any CPU.Build.0 = Release|Any CPU
		{15D0A633-445E-4849-9E99-5730AA1E0249}.Debug|Any CPU.ActiveCfg = Debug|Any CPU
		{15D0A633-445E-4849-9E99-5730AA1E0249}.Debug|Any CPU.Build.0 = Debug|Any CPU
		{15D0A633-445E-4849-9E99-5730AA1E0249}.Release|Any CPU.ActiveCfg = Release|Any CPU
		{15D0A633-445E-4849-9E99-5730AA1E0249}.Release|Any CPU.Build.0 = Release|Any CPU
		{A1CF49F2-0C9A-403D-AB54-1681BD5B5EC7}.Debug|Any CPU.ActiveCfg = Debug|Any CPU
		{A1CF49F2-0C9A-403D-AB54-1681BD5B5EC7}.Debug|Any CPU.Build.0 = Debug|Any CPU
		{A1CF49F2-0C9A-403D-AB54-1681BD5B5EC7}.Release|Any CPU.ActiveCfg = Release|Any CPU
		{A1CF49F2-0C9A-403D-AB54-1681BD5B5EC7}.Release|Any CPU.Build.0 = Release|Any CPU
		{EA875293-54A1-420B-A006-FED71E2AC234}.Debug|Any CPU.ActiveCfg = Debug|Any CPU
		{EA875293-54A1-420B-A006-FED71E2AC234}.Debug|Any CPU.Build.0 = Debug|Any CPU
		{EA875293-54A1-420B-A006-FED71E2AC234}.Release|Any CPU.ActiveCfg = Release|Any CPU
		{EA875293-54A1-420B-A006-FED71E2AC234}.Release|Any CPU.Build.0 = Release|Any CPU
		{D5843C3C-B0FA-4C0E-8F63-D070D75BFC68}.Debug|Any CPU.ActiveCfg = Debug|Any CPU
		{D5843C3C-B0FA-4C0E-8F63-D070D75BFC68}.Debug|Any CPU.Build.0 = Debug|Any CPU
		{D5843C3C-B0FA-4C0E-8F63-D070D75BFC68}.Release|Any CPU.ActiveCfg = Release|Any CPU
		{D5843C3C-B0FA-4C0E-8F63-D070D75BFC68}.Release|Any CPU.Build.0 = Release|Any CPU
		{FD436DCB-B31E-4A18-B071-09F740B82654}.Debug|Any CPU.ActiveCfg = Debug|Any CPU
		{FD436DCB-B31E-4A18-B071-09F740B82654}.Debug|Any CPU.Build.0 = Debug|Any CPU
		{FD436DCB-B31E-4A18-B071-09F740B82654}.Release|Any CPU.ActiveCfg = Release|Any CPU
		{FD436DCB-B31E-4A18-B071-09F740B82654}.Release|Any CPU.Build.0 = Release|Any CPU
		{A5D2E172-9ADA-4C0B-98D4-0C9E2AF7154D}.Debug|Any CPU.ActiveCfg = Debug|Any CPU
		{A5D2E172-9ADA-4C0B-98D4-0C9E2AF7154D}.Debug|Any CPU.Build.0 = Debug|Any CPU
		{A5D2E172-9ADA-4C0B-98D4-0C9E2AF7154D}.Release|Any CPU.ActiveCfg = Release|Any CPU
		{A5D2E172-9ADA-4C0B-98D4-0C9E2AF7154D}.Release|Any CPU.Build.0 = Release|Any CPU
		{691EB5F7-29C0-4BCA-8846-D585B81BF409}.Debug|Any CPU.ActiveCfg = Debug|Any CPU
		{691EB5F7-29C0-4BCA-8846-D585B81BF409}.Debug|Any CPU.Build.0 = Debug|Any CPU
		{691EB5F7-29C0-4BCA-8846-D585B81BF409}.Release|Any CPU.ActiveCfg = Release|Any CPU
		{691EB5F7-29C0-4BCA-8846-D585B81BF409}.Release|Any CPU.Build.0 = Release|Any CPU
		{FA7EDF4A-6823-43F4-BE13-79477D429616}.Debug|Any CPU.ActiveCfg = Debug|Any CPU
		{FA7EDF4A-6823-43F4-BE13-79477D429616}.Debug|Any CPU.Build.0 = Debug|Any CPU
		{FA7EDF4A-6823-43F4-BE13-79477D429616}.Release|Any CPU.ActiveCfg = Release|Any CPU
		{FA7EDF4A-6823-43F4-BE13-79477D429616}.Release|Any CPU.Build.0 = Release|Any CPU
	EndGlobalSection
	GlobalSection(SolutionProperties) = preSolution
		HideSolutionNode = FALSE
	EndGlobalSection
EndGlobal
